# This file was autogenerated by Stack.
# You should not edit this file by hand.
# For more information, please see the documentation at:
#   https://docs.haskellstack.org/en/stable/lock_files

packages:
- completed:
    hackage: elm-street-0.1.0.2@sha256:f5f2fd14a680731baa02523b70a1b6fe8560eae130e467bf3d48b97f79f056cd,4372
    pantry-tree:
      size: 1190
      sha256: 84cfee177d6897fee7f0b265d66c49effe80e0bf93e45ed3e6a6d855794c71f7
  original:
    hackage: elm-street-0.1.0.2
- completed:
    hackage: warp-3.2.28@sha256:b32fb8fed7ace4bd206fd897c388c00cdb915ec7e34ee61dc6397d518d9e651c,11186
    pantry-tree:
      size: 4227
      sha256: a08eab2f15d6be431d00cd31a8b87a7e5ce87f203aad06916f9af0c673ec8a7d
  original:
    hackage: warp-3.2.28
- completed:
    hackage: http2-1.6.5@sha256:f1743ba4a267f525106c218894e4bd2acf28fa047a9ba660b4a317a97382a877,13999
    pantry-tree:
      size: 43676
      sha256: 7c5c74e748187ae08baafab4af661147dcc128f1464305de68a06c3f0949cb91
  original:
    hackage: http2-1.6.5
snapshots:
- completed:
    size: 523541
    url: https://raw.githubusercontent.com/commercialhaskell/stackage-snapshots/master/lts/14/23.yaml
    sha256: f761fe419a1a44fc3ef47f5bfb1853304d13320fc72b45d2798c08d21dabc23c
  original: lts-14.23
